Microsoft Visual Studio Solution File, Format Version 12.00
# Visual Studio Version 17
VisualStudioVersion = 17.13.35931.197
MinimumVisualStudioVersion = 10.0.40219.1
Project("{FAE04EC0-301F-11D3-BF4B-00C04F79EFBC}") = "categoria de persona", "categoria de persona.csproj", "{8516A99D-C0D7-4055-8E4B-945B4167E8EC}"
EndProject
Global
	GlobalSection(SolutionConfigurationPlatforms) = preSolution
		Debug|Any CPU = Debug|Any CPU
		Release|Any CPU = Release|Any CPU
	EndGlobalSection
	GlobalSection(ProjectConfigurationPlatforms) = postSolution
		{8516A99D-C0D7-4055-8E4B-945B4167E8EC}.Debug|Any CPU.ActiveCfg = Debug|Any CPU
		{8516A99D-C0D7-4055-8E4B-945B4167E8EC}.Debug|Any CPU.Build.0 = Debug|Any CPU
		{8516A99D-C0D7-4055-8E4B-945B4167E8EC}.Release|Any CPU.ActiveCfg = Release|Any CPU
		{8516A99D-C0D7-4055-8E4B-945B4167E8EC}.Release|Any CPU.Build.0 = Release|Any CPU
	EndGlobalSection
	GlobalSection(SolutionProperties) = preSolution
		HideSolutionNode = FALSE
	EndGlobalSection
	GlobalSection(ExtensibilityGlobals) = postSolution
		SolutionGuid = {958E9667-1520-45BB-ADE7-88C07C1A2C62}
	EndGlobalSection
EndGlobal
